PODS:
  - libPhoneNumberAlone (1.0.5)
  - libPhoneNumberShortNumberAlone (1.0.5):
    - libPhoneNumberAlone

DEPENDENCIES:
  - libPhoneNumberAlone (from `https://github.com/subheesh2/VLibPhoneNumber`)
  - libPhoneNumberShortNumberAlone (from `https://github.com/subheesh2/VLibPhoneNumber`)

EXTERNAL SOURCES:
  libPhoneNumberAlone:
    :git: https://github.com/subheesh2/VLibPhoneNumber
  libPhoneNumberShortNumberAlone:
    :git: https://github.com/subheesh2/VLibPhoneNumber

CHECKOUT OPTIONS:
  libPhoneNumberAlone:
    :commit: b62d09ead9335fbe505a594cf398c322e56fdaf0
    :git: https://github.com/subheesh2/VLibPhoneNumber
  libPhoneNumberShortNumberAlone:
    :commit: b62d09ead9335fbe505a594cf398c322e56fdaf0
    :git: https://github.com/subheesh2/VLibPhoneNumber

SPEC CHECKSUMS:
  libPhoneNumberAlone: 0ca4eabc311490711ed38f2a0b99202f936e2bac
  libPhoneNumberShortNumberAlone: f7e30775d9b161d83811847eb209be38205818cb

PODFILE CHECKSUM: 3bdffc9720738f502980055537fd08f67f004b7c

COCOAPODS: 1.12.1
